
Microsoft Visual Studio Solution File, Format Version 12.00
# Visual Studio Version 17
VisualStudioVersion = 17.14.36915.13 d17.14
MinimumVisualStudioVersion = 10.0.40219.1
Project("{FAE04EC0-301F-11D3-BF4B-00C04F79EFBC}") = "Review_Q3", "Review_Q3\Review_Q3.csproj", "{D1C320EF-D8E6-471F-A71E-2C00F868B2A2}"
EndProject
Global
	GlobalSection(SolutionConfigurationPlatforms) = preSolution
		Debug|Any CPU = Debug|Any CPU
		Release|Any CPU = Release|Any CPU
	EndGlobalSection
	GlobalSection(ProjectConfigurationPlatforms) = postSolution
		{D1C320EF-D8E6-471F-A71E-2C00F868B2A2}.Debug|Any CPU.ActiveCfg = Debug|Any CPU
		{D1C320EF-D8E6-471F-A71E-2C00F868B2A2}.Debug|Any CPU.Build.0 = Debug|Any CPU
		{D1C320EF-D8E6-471F-A71E-2C00F868B2A2}.Release|Any CPU.ActiveCfg = Release|Any CPU
		{D1C320EF-D8E6-471F-A71E-2C00F868B2A2}.Release|Any CPU.Build.0 = Release|Any CPU
	EndGlobalSection
	GlobalSection(SolutionProperties) = preSolution
		HideSolutionNode = FALSE
	EndGlobalSection
	GlobalSection(ExtensibilityGlobals) = postSolution
		SolutionGuid = {2240584D-6BF0-4429-8652-084759695F1B}
	EndGlobalSection
EndGlobal
